// !$*UTF8*$!
{
	archiveVersion = 1;
	classes = {
	};
	objectVersion = 55;
	objects = {

/* Begin PBXBuildFile section */
		1B174821285885180028E037 /* AppDelegate.swift in Sources */ = {isa = PBXBuildFile; fileRef = 1B174820285885180028E037 /* AppDelegate.swift */; };
		1B174823285885180028E037 /* SceneDelegate.swift in Sources */ = {isa = PBXBuildFile; fileRef = 1B174822285885180028E037 /* SceneDelegate.swift */; };
		1B174825285885180028E037 /* ViewController.swift in Sources */ = {isa = PBXBuildFile; fileRef = 1B174824285885180028E037 /* ViewController.swift */; };
		1B17482A285885190028E037 /* Assets.xcassets in Resources */ = {isa = PBXBuildFile; fileRef = 1B174829285885190028E037 /* Assets.xcassets */; };
		1B174837285885640028E037 /* IDChecker.swift in Sources */ = {isa = PBXBuildFile; fileRef = 1B174835285885640028E037 /* IDChecker.swift */; };
		1B174838285885640028E037 /* PasswordChecker.swift in Sources */ = {isa = PBXBuildFile; fileRef = 1B174836285885640028E037 /* PasswordChecker.swift */; };
		1B174849285885710028E037 /* TestViewModel.swift in Sources */ = {isa = PBXBuildFile; fileRef = 1B17483B285885710028E037 /* TestViewModel.swift */; };
		1B17484A285885710028E037 /* LargeStringAdaptable.swift in Sources */ = {isa = PBXBuildFile; fileRef = 1B17483D285885710028E037 /* LargeStringAdaptable.swift */; };
		1B17484B285885710028E037 /* ViewTextBindable.swift in Sources */ = {isa = PBXBuildFile; fileRef = 1B17483E285885710028E037 /* ViewTextBindable.swift */; };
		1B17484C285885710028E037 /* ViewBindable.swift in Sources */ = {isa = PBXBuildFile; fileRef = 1B17483F285885710028E037 /* ViewBindable.swift */; };
		1B17484D285885710028E037 /* BoldStringAdaptable.swift in Sources */ = {isa = PBXBuildFile; fileRef = 1B174840285885710028E037 /* BoldStringAdaptable.swift */; };
		1B17484E285885710028E037 /* TestLabel.swift in Sources */ = {isa = PBXBuildFile; fileRef = 1B174842285885710028E037 /* TestLabel.swift */; };
		1B17484F285885710028E037 /* TestButton.swift in Sources */ = {isa = PBXBuildFile; fileRef = 1B174843285885710028E037 /* TestButton.swift */; };
		1B174850285885710028E037 /* UseCaseResponsible.swift in Sources */ = {isa = PBXBuildFile; fileRef = 1B174845285885710028E037 /* UseCaseResponsible.swift */; };
		1B174851285885710028E037 /* TestUseCase.swift in Sources */ = {isa = PBXBuildFile; fileRef = 1B174846285885710028E037 /* TestUseCase.swift */; };
		1B174852285885710028E037 /* TestDecodableType.swift in Sources */ = {isa = PBXBuildFile; fileRef = 1B174847285885710028E037 /* TestDecodableType.swift */; };
		1B174853285885710028E037 /* RequestModel.swift in Sources */ = {isa = PBXBuildFile; fileRef = 1B174848285885710028E037 /* RequestModel.swift */; };
		1B1A81822860891A003C135A /* TestIssueList.json in Resources */ = {isa = PBXBuildFile; fileRef = 1B1A81812860891A003C135A /* TestIssueList.json */; };
		1B1A818628608CEE003C135A /* UserDTO.swift in Sources */ = {isa = PBXBuildFile; fileRef = 1B1A818528608CEE003C135A /* UserDTO.swift */; };
		1B1A818828608D8A003C135A /* LabelDTO.swift in Sources */ = {isa = PBXBuildFile; fileRef = 1B1A818728608D8A003C135A /* LabelDTO.swift */; };
		1B1A818A28608DE5003C135A /* MilestoneDTO.swift in Sources */ = {isa = PBXBuildFile; fileRef = 1B1A818928608DE4003C135A /* MilestoneDTO.swift */; };
		1B1A818C28608E3A003C135A /* PullRequestDTO.swift in Sources */ = {isa = PBXBuildFile; fileRef = 1B1A818B28608E3A003C135A /* PullRequestDTO.swift */; };
		1B1A818E28608E72003C135A /* IssueDTO.swift in Sources */ = {isa = PBXBuildFile; fileRef = 1B1A818D28608E72003C135A /* IssueDTO.swift */; };
		1B1A8193286090A1003C135A /* IssueListViewController.swift in Sources */ = {isa = PBXBuildFile; fileRef = 1B1A8192286090A1003C135A /* IssueListViewController.swift */; };
		1B1A81952860A0F6003C135A /* IssueListCell.swift in Sources */ = {isa = PBXBuildFile; fileRef = 1B1A81942860A0F6003C135A /* IssueListCell.swift */; };
		1B1A81982860A56A003C135A /* IssueNavigationController.swift in Sources */ = {isa = PBXBuildFile; fileRef = 1B1A81972860A56A003C135A /* IssueNavigationController.swift */; };
		1B1A819A2860A73C003C135A /* MainTabBarController.swift in Sources */ = {isa = PBXBuildFile; fileRef = 1B1A81992860A73C003C135A /* MainTabBarController.swift */; };
		1B1A819C2860A814003C135A /* LabelNavigationController.swift in Sources */ = {isa = PBXBuildFile; fileRef = 1B1A819B2860A814003C135A /* LabelNavigationController.swift */; };
		1B1A819E2860A828003C135A /* MilestoneNavigationController.swift in Sources */ = {isa = PBXBuildFile; fileRef = 1B1A819D2860A828003C135A /* MilestoneNavigationController.swift */; };
		1B1A81A02860AABC003C135A /* IssueViewModel.swift in Sources */ = {isa = PBXBuildFile; fileRef = 1B1A819F2860AABC003C135A /* IssueViewModel.swift */; };
		1B1A81A3286160F5003C135A /* IssueListHeaderReusableView.swift in Sources */ = {isa = PBXBuildFile; fileRef = 1B1A81A2286160F5003C135A /* IssueListHeaderReusableView.swift */; };
		1B1A81A528617FB3003C135A /* IssueListFooterReusableView.swift in Sources */ = {isa = PBXBuildFile; fileRef = 1B1A81A428617FB3003C135A /* IssueListFooterReusableView.swift */; };
		1B87F704285B6C7A002B47B7 /* ServiceContainer.swift in Sources */ = {isa = PBXBuildFile; fileRef = 1B87F6FD285B6C7A002B47B7 /* ServiceContainer.swift */; };
		1B87F705285B6C7A002B47B7 /* PersistentService.swift in Sources */ = {isa = PBXBuildFile; fileRef = 1B87F6FF285B6C7A002B47B7 /* PersistentService.swift */; };
		1B87F707285B6C7A002B47B7 /* NetworkService.swift in Sources */ = {isa = PBXBuildFile; fileRef = 1B87F702285B6C7A002B47B7 /* NetworkService.swift */; };
		1B87F708285B6C7A002B47B7 /* Repository.swift in Sources */ = {isa = PBXBuildFile; fileRef = 1B87F703285B6C7A002B47B7 /* Repository.swift */; };
		1B87F70F285C221D002B47B7 /* Transferable.swift in Sources */ = {isa = PBXBuildFile; fileRef = 1B87F70E285C221D002B47B7 /* Transferable.swift */; };
		1B87F711285C246F002B47B7 /* UseCaseModel.swift in Sources */ = {isa = PBXBuildFile; fileRef = 1B87F710285C246F002B47B7 /* UseCaseModel.swift */; };
		1B87F71D285C38FD002B47B7 /* ViewModelUnitTest.swift in Sources */ = {isa = PBXBuildFile; fileRef = 1B87F71C285C38FD002B47B7 /* ViewModelUnitTest.swift */; };
		1BD7504F2858867E0025DDC8 /* RegularExpressionCheckerUnitTest.swift in Sources */ = {isa = PBXBuildFile; fileRef = 1BD7504E2858867E0025DDC8 /* RegularExpressionCheckerUnitTest.swift */; };
		1BD75055285886C40025DDC8 /* IDChecker.swift in Sources */ = {isa = PBXBuildFile; fileRef = 1B174835285885640028E037 /* IDChecker.swift */; };
		1BD75056285886C70025DDC8 /* PasswordChecker.swift in Sources */ = {isa = PBXBuildFile; fileRef = 1B174836285885640028E037 /* PasswordChecker.swift */; };
		40B2C70D0084E13935624E19 /* Pods_IssueTracker15.framework in Frameworks */ = {isa = PBXBuildFile; fileRef = 8581CFC489C61282E0355D9F /* Pods_IssueTracker15.framework */; };
		8D21137B2859E5FD00B65676 /* ContainerUnitTest.swift in Sources */ = {isa = PBXBuildFile; fileRef = 8D21137A2859E5FD00B65676 /* ContainerUnitTest.swift */; };
		8D2113812859E61700B65676 /* Resolvable.swift in Sources */ = {isa = PBXBuildFile; fileRef = 8D66A2C0285959CF001B514C /* Resolvable.swift */; };
		8D2113822859E61900B65676 /* UseCaseContainer.swift in Sources */ = {isa = PBXBuildFile; fileRef = 8D66A2ED28598CA1001B514C /* UseCaseContainer.swift */; };
		8D2113832859E61D00B65676 /* ContainerWrapper.swift in Sources */ = {isa = PBXBuildFile; fileRef = 8DFDB6E32859B906008E7E59 /* ContainerWrapper.swift */; };
		8D2113852859E6BA00B65676 /* MockContainer.swift in Sources */ = {isa = PBXBuildFile; fileRef = 8D2113842859E6BA00B65676 /* MockContainer.swift */; };
		8D2113862859E78E00B65676 /* UseCaseResponsible.swift in Sources */ = {isa = PBXBuildFile; fileRef = 1B174845285885710028E037 /* UseCaseResponsible.swift */; };
		8D2113882859E7B700B65676 /* MockData.swift in Sources */ = {isa = PBXBuildFile; fileRef = 8D2113872859E7B700B65676 /* MockData.swift */; };
		8D21138C285AC4F800B65676 /* LoginViewController.swift in Sources */ = {isa = PBXBuildFile; fileRef = 8D21138B285AC4F800B65676 /* LoginViewController.swift */; };
		8D21138E285ADFA700B65676 /* OAuthLoginButton.swift in Sources */ = {isa = PBXBuildFile; fileRef = 8D21138D285ADFA700B65676 /* OAuthLoginButton.swift */; };
		8D211395285AE5C100B65676 /* .swiftlint.yml in Resources */ = {isa = PBXBuildFile; fileRef = 8D211394285AE5C100B65676 /* .swiftlint.yml */; };
		8D2113B8285B0D0500B65676 /* UserInfoInputStackView.swift in Sources */ = {isa = PBXBuildFile; fileRef = 8D2113B7285B0D0400B65676 /* UserInfoInputStackView.swift */; };
		8D2113BA285B1C6700B65676 /* UIView.swift in Sources */ = {isa = PBXBuildFile; fileRef = 8D2113B9285B1C6700B65676 /* UIView.swift */; };
		8D66A2C1285959CF001B514C /* Resolvable.swift in Sources */ = {isa = PBXBuildFile; fileRef = 8D66A2C0285959CF001B514C /* Resolvable.swift */; };
		8D66A2EE28598CA1001B514C /* UseCaseContainer.swift in Sources */ = {isa = PBXBuildFile; fileRef = 8D66A2ED28598CA1001B514C /* UseCaseContainer.swift */; };
		8DDEBAE8285B382400A4E4DC /* OAuthLoginStackView.swift in Sources */ = {isa = PBXBuildFile; fileRef = 8DDEBAE7285B382400A4E4DC /* OAuthLoginStackView.swift */; };
		8DDEBAEB285B57B000A4E4DC /* LoginViewModel.swift in Sources */ = {isa = PBXBuildFile; fileRef = 8DDEBAEA285B57B000A4E4DC /* LoginViewModel.swift */; };
		8DFDB6E42859B906008E7E59 /* ContainerWrapper.swift in Sources */ = {isa = PBXBuildFile; fileRef = 8DFDB6E32859B906008E7E59 /* ContainerWrapper.swift */; };
/* End PBXBuildFile section */

/* Begin PBXContainerItemProxy section */
		1B87F71E285C38FD002B47B7 /* PBXContainerItemProxy */ = {
			isa = PBXContainerItemProxy;
			containerPortal = 1B174815285885180028E037 /* Project object */;
			proxyType = 1;
			remoteGlobalIDString = 1B17481C285885180028E037;
			remoteInfo = IssueTracker15;
		};
		1BD750502858867E0025DDC8 /* PBXContainerItemProxy */ = {
			isa = PBXContainerItemProxy;
			containerPortal = 1B174815285885180028E037 /* Project object */;
			proxyType = 1;
			remoteGlobalIDString = 1B17481C285885180028E037;
			remoteInfo = IssueTracker15;
		};
		8D21137C2859E5FD00B65676 /* PBXContainerItemProxy */ = {
			isa = PBXContainerItemProxy;
			containerPortal = 1B174815285885180028E037 /* Project object */;
			proxyType = 1;
			remoteGlobalIDString = 1B17481C285885180028E037;
			remoteInfo = IssueTracker15;
		};
/* End PBXContainerItemProxy section */

/* Begin PBXFileReference section */
		1B17481D285885180028E037 /* IssueTracker15.app */ = {isa = PBXFileReference; explicitFileType = wrapper.application; includeInIndex = 0; path = IssueTracker15.app; sourceTree = BUILT_PRODUCTS_DIR; };
		1B174820285885180028E037 /* AppDelegate.swift */ = {isa = PBXFileReference; lastKnownFileType = sourcecode.swift; path = AppDelegate.swift; sourceTree = "<group>"; };
		1B174822285885180028E037 /* SceneDelegate.swift */ = {isa = PBXFileReference; lastKnownFileType = sourcecode.swift; path = SceneDelegate.swift; sourceTree = "<group>"; };
		1B174824285885180028E037 /* ViewController.swift */ = {isa = PBXFileReference; lastKnownFileType = sourcecode.swift; path = ViewController.swift; sourceTree = "<group>"; };
		1B174829285885190028E037 /* Assets.xcassets */ = {isa = PBXFileReference; lastKnownFileType = folder.assetcatalog; path = Assets.xcassets; sourceTree = "<group>"; };
		1B17482E285885190028E037 /* Info.plist */ = {isa = PBXFileReference; lastKnownFileType = text.plist.xml; path = Info.plist; sourceTree = "<group>"; };
		1B174835285885640028E037 /* IDChecker.swift */ = {isa = PBXFileReference; fileEncoding = 4; lastKnownFileType = sourcecode.swift; path = IDChecker.swift; sourceTree = "<group>"; };
		1B174836285885640028E037 /* PasswordChecker.swift */ = {isa = PBXFileReference; fileEncoding = 4; lastKnownFileType = sourcecode.swift; path = PasswordChecker.swift; sourceTree = "<group>"; };
		1B17483B285885710028E037 /* TestViewModel.swift */ = {isa = PBXFileReference; fileEncoding = 4; lastKnownFileType = sourcecode.swift; path = TestViewModel.swift; sourceTree = "<group>"; };
		1B17483D285885710028E037 /* LargeStringAdaptable.swift */ = {isa = PBXFileReference; fileEncoding = 4; lastKnownFileType = sourcecode.swift; path = LargeStringAdaptable.swift; sourceTree = "<group>"; };
		1B17483E285885710028E037 /* ViewTextBindable.swift */ = {isa = PBXFileReference; fileEncoding = 4; lastKnownFileType = sourcecode.swift; path = ViewTextBindable.swift; sourceTree = "<group>"; };
		1B17483F285885710028E037 /* ViewBindable.swift */ = {isa = PBXFileReference; fileEncoding = 4; lastKnownFileType = sourcecode.swift; path = ViewBindable.swift; sourceTree = "<group>"; };
		1B174840285885710028E037 /* BoldStringAdaptable.swift */ = {isa = PBXFileReference; fileEncoding = 4; lastKnownFileType = sourcecode.swift; path = BoldStringAdaptable.swift; sourceTree = "<group>"; };
		1B174842285885710028E037 /* TestLabel.swift */ = {isa = PBXFileReference; fileEncoding = 4; lastKnownFileType = sourcecode.swift; path = TestLabel.swift; sourceTree = "<group>"; };
		1B174843285885710028E037 /* TestButton.swift */ = {isa = PBXFileReference; fileEncoding = 4; lastKnownFileType = sourcecode.swift; path = TestButton.swift; sourceTree = "<group>"; };
		1B174845285885710028E037 /* UseCaseResponsible.swift */ = {isa = PBXFileReference; fileEncoding = 4; lastKnownFileType = sourcecode.swift; path = UseCaseResponsible.swift; sourceTree = "<group>"; };
		1B174846285885710028E037 /* TestUseCase.swift */ = {isa = PBXFileReference; fileEncoding = 4; lastKnownFileType = sourcecode.swift; path = TestUseCase.swift; sourceTree = "<group>"; };
		1B174847285885710028E037 /* TestDecodableType.swift */ = {isa = PBXFileReference; fileEncoding = 4; lastKnownFileType = sourcecode.swift; path = TestDecodableType.swift; sourceTree = "<group>"; };
		1B174848285885710028E037 /* RequestModel.swift */ = {isa = PBXFileReference; fileEncoding = 4; lastKnownFileType = sourcecode.swift; path = RequestModel.swift; sourceTree = "<group>"; };
		1B1A81812860891A003C135A /* TestIssueList.json */ = {isa = PBXFileReference; lastKnownFileType = text.json; path = TestIssueList.json; sourceTree = "<group>"; };
		1B1A818328608C2B003C135A /* TestLabels.json */ = {isa = PBXFileReference; lastKnownFileType = text.json; path = TestLabels.json; sourceTree = "<group>"; };
		1B1A818528608CEE003C135A /* UserDTO.swift */ = {isa = PBXFileReference; lastKnownFileType = sourcecode.swift; path = UserDTO.swift; sourceTree = "<group>"; };
		1B1A818728608D8A003C135A /* LabelDTO.swift */ = {isa = PBXFileReference; lastKnownFileType = sourcecode.swift; path = LabelDTO.swift; sourceTree = "<group>"; };
		1B1A818928608DE4003C135A /* MilestoneDTO.swift */ = {isa = PBXFileReference; lastKnownFileType = sourcecode.swift; path = MilestoneDTO.swift; sourceTree = "<group>"; };
		1B1A818B28608E3A003C135A /* PullRequestDTO.swift */ = {isa = PBXFileReference; lastKnownFileType = sourcecode.swift; path = PullRequestDTO.swift; sourceTree = "<group>"; };
		1B1A818D28608E72003C135A /* IssueDTO.swift */ = {isa = PBXFileReference; lastKnownFileType = sourcecode.swift; path = IssueDTO.swift; sourceTree = "<group>"; };
		1B1A8192286090A1003C135A /* IssueListViewController.swift */ = {isa = PBXFileReference; lastKnownFileType = sourcecode.swift; path = IssueListViewController.swift; sourceTree = "<group>"; };
		1B1A81942860A0F6003C135A /* IssueListCell.swift */ = {isa = PBXFileReference; lastKnownFileType = sourcecode.swift; path = IssueListCell.swift; sourceTree = "<group>"; };
		1B1A81972860A56A003C135A /* IssueNavigationController.swift */ = {isa = PBXFileReference; lastKnownFileType = sourcecode.swift; path = IssueNavigationController.swift; sourceTree = "<group>"; };
		1B1A81992860A73C003C135A /* MainTabBarController.swift */ = {isa = PBXFileReference; lastKnownFileType = sourcecode.swift; path = MainTabBarController.swift; sourceTree = "<group>"; };
		1B1A819B2860A814003C135A /* LabelNavigationController.swift */ = {isa = PBXFileReference; lastKnownFileType = sourcecode.swift; path = LabelNavigationController.swift; sourceTree = "<group>"; };
		1B1A819D2860A828003C135A /* MilestoneNavigationController.swift */ = {isa = PBXFileReference; lastKnownFileType = sourcecode.swift; path = MilestoneNavigationController.swift; sourceTree = "<group>"; };
		1B1A819F2860AABC003C135A /* IssueViewModel.swift */ = {isa = PBXFileReference; lastKnownFileType = sourcecode.swift; path = IssueViewModel.swift; sourceTree = "<group>"; };
		1B1A81A2286160F5003C135A /* IssueListHeaderReusableView.swift */ = {isa = PBXFileReference; lastKnownFileType = sourcecode.swift; path = IssueListHeaderReusableView.swift; sourceTree = "<group>"; };
		1B1A81A428617FB3003C135A /* IssueListFooterReusableView.swift */ = {isa = PBXFileReference; lastKnownFileType = sourcecode.swift; path = IssueListFooterReusableView.swift; sourceTree = "<group>"; };
		1B87F6FD285B6C7A002B47B7 /* ServiceContainer.swift */ = {isa = PBXFileReference; fileEncoding = 4; lastKnownFileType = sourcecode.swift; path = ServiceContainer.swift; sourceTree = "<group>"; };
		1B87F6FF285B6C7A002B47B7 /* PersistentService.swift */ = {isa = PBXFileReference; fileEncoding = 4; lastKnownFileType = sourcecode.swift; path = PersistentService.swift; sourceTree = "<group>"; };
		1B87F702285B6C7A002B47B7 /* NetworkService.swift */ = {isa = PBXFileReference; fileEncoding = 4; lastKnownFileType = sourcecode.swift; path = NetworkService.swift; sourceTree = "<group>"; };
		1B87F703285B6C7A002B47B7 /* Repository.swift */ = {isa = PBXFileReference; fileEncoding = 4; lastKnownFileType = sourcecode.swift; path = Repository.swift; sourceTree = "<group>"; };
		1B87F70E285C221D002B47B7 /* Transferable.swift */ = {isa = PBXFileReference; lastKnownFileType = sourcecode.swift; path = Transferable.swift; sourceTree = "<group>"; };
		1B87F710285C246F002B47B7 /* UseCaseModel.swift */ = {isa = PBXFileReference; lastKnownFileType = sourcecode.swift; path = UseCaseModel.swift; sourceTree = "<group>"; };
		1B87F71A285C38FD002B47B7 /* ViewModelUnitTest.xctest */ = {isa = PBXFileReference; explicitFileType = wrapper.cfbundle; includeInIndex = 0; path = ViewModelUnitTest.xctest; sourceTree = BUILT_PRODUCTS_DIR; };
		1B87F71C285C38FD002B47B7 /* ViewModelUnitTest.swift */ = {isa = PBXFileReference; lastKnownFileType = sourcecode.swift; path = ViewModelUnitTest.swift; sourceTree = "<group>"; };
		1BD7504C2858867E0025DDC8 /* RegularExpressionCheckerUnitTest.xctest */ = {isa = PBXFileReference; explicitFileType = wrapper.cfbundle; includeInIndex = 0; path = RegularExpressionCheckerUnitTest.xctest; sourceTree = BUILT_PRODUCTS_DIR; };
		1BD7504E2858867E0025DDC8 /* RegularExpressionCheckerUnitTest.swift */ = {isa = PBXFileReference; lastKnownFileType = sourcecode.swift; path = RegularExpressionCheckerUnitTest.swift; sourceTree = "<group>"; };
		6E5A22FB498819D6DAD72D75 /* Pods-IssueTracker15.release.xcconfig */ = {isa = PBXFileReference; includeInIndex = 1; lastKnownFileType = text.xcconfig; name = "Pods-IssueTracker15.release.xcconfig"; path = "Target Support Files/Pods-IssueTracker15/Pods-IssueTracker15.release.xcconfig"; sourceTree = "<group>"; };
		8581CFC489C61282E0355D9F /* Pods_IssueTracker15.framework */ = {isa = PBXFileReference; explicitFileType = wrapper.framework; includeInIndex = 0; path = Pods_IssueTracker15.framework; sourceTree = BUILT_PRODUCTS_DIR; };
		8D2113782859E5FD00B65676 /* ContainerUnitTest.xctest */ = {isa = PBXFileReference; explicitFileType = wrapper.cfbundle; includeInIndex = 0; path = ContainerUnitTest.xctest; sourceTree = BUILT_PRODUCTS_DIR; };
		8D21137A2859E5FD00B65676 /* ContainerUnitTest.swift */ = {isa = PBXFileReference; lastKnownFileType = sourcecode.swift; path = ContainerUnitTest.swift; sourceTree = "<group>"; };
		8D2113842859E6BA00B65676 /* MockContainer.swift */ = {isa = PBXFileReference; lastKnownFileType = sourcecode.swift; path = MockContainer.swift; sourceTree = "<group>"; };
		8D2113872859E7B700B65676 /* MockData.swift */ = {isa = PBXFileReference; lastKnownFileType = sourcecode.swift; path = MockData.swift; sourceTree = "<group>"; };
		8D21138B285AC4F800B65676 /* LoginViewController.swift */ = {isa = PBXFileReference; lastKnownFileType = sourcecode.swift; path = LoginViewController.swift; sourceTree = "<group>"; };
		8D21138D285ADFA700B65676 /* OAuthLoginButton.swift */ = {isa = PBXFileReference; lastKnownFileType = sourcecode.swift; path = OAuthLoginButton.swift; sourceTree = "<group>"; };
		8D211394285AE5C100B65676 /* .swiftlint.yml */ = {isa = PBXFileReference; fileEncoding = 4; lastKnownFileType = text.yaml; path = .swiftlint.yml; sourceTree = "<group>"; };
		8D2113B7285B0D0400B65676 /* UserInfoInputStackView.swift */ = {isa = PBXFileReference; lastKnownFileType = sourcecode.swift; path = UserInfoInputStackView.swift; sourceTree = "<group>"; };
		8D2113B9285B1C6700B65676 /* UIView.swift */ = {isa = PBXFileReference; lastKnownFileType = sourcecode.swift; path = UIView.swift; sourceTree = "<group>"; };
		8D66A2C0285959CF001B514C /* Resolvable.swift */ = {isa = PBXFileReference; lastKnownFileType = sourcecode.swift; path = Resolvable.swift; sourceTree = "<group>"; };
		8D66A2ED28598CA1001B514C /* UseCaseContainer.swift */ = {isa = PBXFileReference; lastKnownFileType = sourcecode.swift; path = UseCaseContainer.swift; sourceTree = "<group>"; };
		8DDEBAE7285B382400A4E4DC /* OAuthLoginStackView.swift */ = {isa = PBXFileReference; lastKnownFileType = sourcecode.swift; path = OAuthLoginStackView.swift; sourceTree = "<group>"; };
		8DDEBAEA285B57B000A4E4DC /* LoginViewModel.swift */ = {isa = PBXFileReference; lastKnownFileType = sourcecode.swift; path = LoginViewModel.swift; sourceTree = "<group>"; };
		8DFDB6E32859B906008E7E59 /* ContainerWrapper.swift */ = {isa = PBXFileReference; lastKnownFileType = sourcecode.swift; path = ContainerWrapper.swift; sourceTree = "<group>"; };
		978ACBA6F4626FB73B12E9D4 /* Pods-IssueTracker15.debug.xcconfig */ = {isa = PBXFileReference; includeInIndex = 1; lastKnownFileType = text.xcconfig; name = "Pods-IssueTracker15.debug.xcconfig"; path = "Target Support Files/Pods-IssueTracker15/Pods-IssueTracker15.debug.xcconfig"; sourceTree = "<group>"; };
/* End PBXFileReference section */

/* Begin PBXFrameworksBuildPhase section */
		1B17481A285885180028E037 /* Frameworks */ = {
			isa = PBXFrameworksBuildPhase;
			buildActionMask = 2147483647;
			files = (
				40B2C70D0084E13935624E19 /* Pods_IssueTracker15.framework in Frameworks */,
			);
			runOnlyForDeploymentPostprocessing = 0;
		};
		1B87F717285C38FD002B47B7 /* Frameworks */ = {
			isa = PBXFrameworksBuildPhase;
			buildActionMask = 2147483647;
			files = (
			);
			runOnlyForDeploymentPostprocessing = 0;
		};
		1BD750492858867E0025DDC8 /* Frameworks */ = {
			isa = PBXFrameworksBuildPhase;
			buildActionMask = 2147483647;
			files = (
			);
			runOnlyForDeploymentPostprocessing = 0;
		};
		8D2113752859E5FD00B65676 /* Frameworks */ = {
			isa = PBXFrameworksBuildPhase;
			buildActionMask = 2147483647;
			files = (
			);
			runOnlyForDeploymentPostprocessing = 0;
		};
/* End PBXFrameworksBuildPhase section */

/* Begin PBXGroup section */
		1B174814285885180028E037 = {
			isa = PBXGroup;
			children = (
				1B1A81812860891A003C135A /* TestIssueList.json */,
				1B1A818328608C2B003C135A /* TestLabels.json */,
				8D211394285AE5C100B65676 /* .swiftlint.yml */,
				1B17481F285885180028E037 /* IssueTracker15 */,
				1BD7504D2858867E0025DDC8 /* RegularExpressionCheckerUnitTest */,
				1B87F71B285C38FD002B47B7 /* ViewModelUnitTest */,
				8D2113792859E5FD00B65676 /* ContainerUnitTest */,
				1B17481E285885180028E037 /* Products */,
				BCCAA9AC58F278524B849528 /* Pods */,
				AE925EF14FEC98BC13A2354E /* Frameworks */,
			);
			sourceTree = "<group>";
		};
		1B17481E285885180028E037 /* Products */ = {
			isa = PBXGroup;
			children = (
				1B17481D285885180028E037 /* IssueTracker15.app */,
				1BD7504C2858867E0025DDC8 /* RegularExpressionCheckerUnitTest.xctest */,
				1B87F71A285C38FD002B47B7 /* ViewModelUnitTest.xctest */,
				8D2113782859E5FD00B65676 /* ContainerUnitTest.xctest */,
			);
			name = Products;
			sourceTree = "<group>";
		};
		1B17481F285885180028E037 /* IssueTracker15 */ = {
			isa = PBXGroup;
			children = (
				1B1A81992860A73C003C135A /* MainTabBarController.swift */,
				1B1A81972860A56A003C135A /* IssueNavigationController.swift */,
				1B1A819B2860A814003C135A /* LabelNavigationController.swift */,
				1B1A819D2860A828003C135A /* MilestoneNavigationController.swift */,
				1B174824285885180028E037 /* ViewController.swift */,
				1B1A818428608CDA003C135A /* IssueList */,
				1B87F6FC285B6C7A002B47B7 /* Repository */,
				8DDEBAE9285B3F0D00A4E4DC /* Login */,
				8D2113BB285B1C7A00B65676 /* Extension */,
				1B174834285885640028E037 /* RegularExpressionChecker */,
				1B174839285885710028E037 /* Test */,
				1B1748542858857B0028E037 /* SupportingFiles */,
				1B17482E285885190028E037 /* Info.plist */,
			);
			path = IssueTracker15;
			sourceTree = "<group>";
		};
		1B174834285885640028E037 /* RegularExpressionChecker */ = {
			isa = PBXGroup;
			children = (
				1B174835285885640028E037 /* IDChecker.swift */,
				1B174836285885640028E037 /* PasswordChecker.swift */,
			);
			path = RegularExpressionChecker;
			sourceTree = "<group>";
		};
		1B174839285885710028E037 /* Test */ = {
			isa = PBXGroup;
			children = (
				8D66A2C628595EB2001B514C /* Container */,
				1B17483A285885710028E037 /* ViewModel */,
				1B17483C285885710028E037 /* ViewTypes */,
				1B174841285885710028E037 /* Views */,
				1B174844285885710028E037 /* UseCases */,
			);
			path = Test;
			sourceTree = "<group>";
		};
		1B17483A285885710028E037 /* ViewModel */ = {
			isa = PBXGroup;
			children = (
				1B17483B285885710028E037 /* TestViewModel.swift */,
			);
			path = ViewModel;
			sourceTree = "<group>";
		};
		1B17483C285885710028E037 /* ViewTypes */ = {
			isa = PBXGroup;
			children = (
				1B17483D285885710028E037 /* LargeStringAdaptable.swift */,
				1B17483E285885710028E037 /* ViewTextBindable.swift */,
				1B17483F285885710028E037 /* ViewBindable.swift */,
				1B174840285885710028E037 /* BoldStringAdaptable.swift */,
			);
			path = ViewTypes;
			sourceTree = "<group>";
		};
		1B174841285885710028E037 /* Views */ = {
			isa = PBXGroup;
			children = (
				1B174842285885710028E037 /* TestLabel.swift */,
				1B174843285885710028E037 /* TestButton.swift */,
			);
			path = Views;
			sourceTree = "<group>";
		};
		1B174844285885710028E037 /* UseCases */ = {
			isa = PBXGroup;
			children = (
				1B174845285885710028E037 /* UseCaseResponsible.swift */,
				1B174846285885710028E037 /* TestUseCase.swift */,
				1B174847285885710028E037 /* TestDecodableType.swift */,
				1B174848285885710028E037 /* RequestModel.swift */,
				1B87F710285C246F002B47B7 /* UseCaseModel.swift */,
			);
			path = UseCases;
			sourceTree = "<group>";
		};
		1B1748542858857B0028E037 /* SupportingFiles */ = {
			isa = PBXGroup;
			children = (
				1B174820285885180028E037 /* AppDelegate.swift */,
				1B174822285885180028E037 /* SceneDelegate.swift */,
				1B174829285885190028E037 /* Assets.xcassets */,
			);
			path = SupportingFiles;
			sourceTree = "<group>";
		};
		1B1A818428608CDA003C135A /* IssueList */ = {
			isa = PBXGroup;
			children = (
				1B1A819128609014003C135A /* DTO */,
				1B1A81962860A0F9003C135A /* View */,
				1B1A81A12860AAC0003C135A /* ViewModel */,
			);
			path = IssueList;
			sourceTree = "<group>";
		};
		1B1A819128609014003C135A /* DTO */ = {
			isa = PBXGroup;
			children = (
				1B1A818528608CEE003C135A /* UserDTO.swift */,
				1B1A818728608D8A003C135A /* LabelDTO.swift */,
				1B1A818928608DE4003C135A /* MilestoneDTO.swift */,
				1B1A818B28608E3A003C135A /* PullRequestDTO.swift */,
				1B1A818D28608E72003C135A /* IssueDTO.swift */,
			);
			path = DTO;
			sourceTree = "<group>";
		};
		1B1A81962860A0F9003C135A /* View */ = {
			isa = PBXGroup;
			children = (
				1B1A8192286090A1003C135A /* IssueListViewController.swift */,
				1B1A81942860A0F6003C135A /* IssueListCell.swift */,
				1B1A81A2286160F5003C135A /* IssueListHeaderReusableView.swift */,
				1B1A81A428617FB3003C135A /* IssueListFooterReusableView.swift */,
			);
			path = View;
			sourceTree = "<group>";
		};
		1B1A81A12860AAC0003C135A /* ViewModel */ = {
			isa = PBXGroup;
			children = (
				1B1A819F2860AABC003C135A /* IssueViewModel.swift */,
			);
			path = ViewModel;
			sourceTree = "<group>";
		};
		1B87F6FC285B6C7A002B47B7 /* Repository */ = {
			isa = PBXGroup;
			children = (
				1B87F70E285C221D002B47B7 /* Transferable.swift */,
				1B87F703285B6C7A002B47B7 /* Repository.swift */,
				1B87F6FD285B6C7A002B47B7 /* ServiceContainer.swift */,
				1B87F6FE285B6C7A002B47B7 /* Persistent */,
				1B87F701285B6C7A002B47B7 /* Network */,
			);
			path = Repository;
			sourceTree = "<group>";
		};
		1B87F6FE285B6C7A002B47B7 /* Persistent */ = {
			isa = PBXGroup;
			children = (
				1B87F6FF285B6C7A002B47B7 /* PersistentService.swift */,
			);
			path = Persistent;
			sourceTree = "<group>";
		};
		1B87F701285B6C7A002B47B7 /* Network */ = {
			isa = PBXGroup;
			children = (
				1B87F702285B6C7A002B47B7 /* NetworkService.swift */,
			);
			path = Network;
			sourceTree = "<group>";
		};
		1B87F71B285C38FD002B47B7 /* ViewModelUnitTest */ = {
			isa = PBXGroup;
			children = (
				1B87F71C285C38FD002B47B7 /* ViewModelUnitTest.swift */,
			);
			path = ViewModelUnitTest;
			sourceTree = "<group>";
		};
		1BD7504D2858867E0025DDC8 /* RegularExpressionCheckerUnitTest */ = {
			isa = PBXGroup;
			children = (
				1BD7504E2858867E0025DDC8 /* RegularExpressionCheckerUnitTest.swift */,
			);
			path = RegularExpressionCheckerUnitTest;
			sourceTree = "<group>";
		};
		8D2113792859E5FD00B65676 /* ContainerUnitTest */ = {
			isa = PBXGroup;
			children = (
				8D21137A2859E5FD00B65676 /* ContainerUnitTest.swift */,
				8D2113842859E6BA00B65676 /* MockContainer.swift */,
				8D2113872859E7B700B65676 /* MockData.swift */,
			);
			path = ContainerUnitTest;
			sourceTree = "<group>";
		};
		8D2113BB285B1C7A00B65676 /* Extension */ = {
			isa = PBXGroup;
			children = (
				8D2113B9285B1C6700B65676 /* UIView.swift */,
			);
			path = Extension;
			sourceTree = "<group>";
		};
		8D66A2C628595EB2001B514C /* Container */ = {
			isa = PBXGroup;
			children = (
				8D66A2C0285959CF001B514C /* Resolvable.swift */,
				8D66A2ED28598CA1001B514C /* UseCaseContainer.swift */,
				8DFDB6E32859B906008E7E59 /* ContainerWrapper.swift */,
			);
			path = Container;
			sourceTree = "<group>";
		};
		8DDEBAE9285B3F0D00A4E4DC /* Login */ = {
			isa = PBXGroup;
			children = (
				8DDEBAEC285B59EF00A4E4DC /* ViewController */,
				8DDEBAED285B59FA00A4E4DC /* View */,
				8DDEBAEE285B5A0100A4E4DC /* ViewModel */,
			);
			path = Login;
			sourceTree = "<group>";
		};
		8DDEBAEC285B59EF00A4E4DC /* ViewController */ = {
			isa = PBXGroup;
			children = (
				8D21138B285AC4F800B65676 /* LoginViewController.swift */,
			);
			path = ViewController;
			sourceTree = "<group>";
		};
		8DDEBAED285B59FA00A4E4DC /* View */ = {
			isa = PBXGroup;
			children = (
				8D2113B7285B0D0400B65676 /* UserInfoInputStackView.swift */,
				8DDEBAE7285B382400A4E4DC /* OAuthLoginStackView.swift */,
				8D21138D285ADFA700B65676 /* OAuthLoginButton.swift */,
			);
			path = View;
			sourceTree = "<group>";
		};
		8DDEBAEE285B5A0100A4E4DC /* ViewModel */ = {
			isa = PBXGroup;
			children = (
				8DDEBAEA285B57B000A4E4DC /* LoginViewModel.swift */,
			);
			path = ViewModel;
			sourceTree = "<group>";
		};
		AE925EF14FEC98BC13A2354E /* Frameworks */ = {
			isa = PBXGroup;
			children = (
				8581CFC489C61282E0355D9F /* Pods_IssueTracker15.framework */,
			);
			name = Frameworks;
			sourceTree = "<group>";
		};
		BCCAA9AC58F278524B849528 /* Pods */ = {
			isa = PBXGroup;
			children = (
				978ACBA6F4626FB73B12E9D4 /* Pods-IssueTracker15.debug.xcconfig */,
				6E5A22FB498819D6DAD72D75 /* Pods-IssueTracker15.release.xcconfig */,
			);
			path = Pods;
			sourceTree = "<group>";
		};
/* End PBXGroup section */

/* Begin PBXNativeTarget section */
		1B17481C285885180028E037 /* IssueTracker15 */ = {
			isa = PBXNativeTarget;
			buildConfigurationList = 1B174831285885190028E037 /* Build configuration list for PBXNativeTarget "IssueTracker15" */;
			buildPhases = (
				C066FF545E29F84CA9BD2024 /* [CP] Check Pods Manifest.lock */,
				1B174819285885180028E037 /* Sources */,
				1B17481A285885180028E037 /* Frameworks */,
				1B17481B285885180028E037 /* Resources */,
				979FC2E6F0FB8262A3A8B74B /* [CP] Embed Pods Frameworks */,
				1BA1960D2858893A00A4D7B1 /* ShellScript */,
			);
			buildRules = (
			);
			dependencies = (
			);
			name = IssueTracker15;
			productName = IssueTracker15;
			productReference = 1B17481D285885180028E037 /* IssueTracker15.app */;
			productType = "com.apple.product-type.application";
		};
		1B87F719285C38FD002B47B7 /* ViewModelUnitTest */ = {
			isa = PBXNativeTarget;
			buildConfigurationList = 1B87F720285C38FD002B47B7 /* Build configuration list for PBXNativeTarget "ViewModelUnitTest" */;
			buildPhases = (
				1B87F716285C38FD002B47B7 /* Sources */,
				1B87F717285C38FD002B47B7 /* Frameworks */,
				1B87F718285C38FD002B47B7 /* Resources */,
			);
			buildRules = (
			);
			dependencies = (
				1B87F71F285C38FD002B47B7 /* PBXTargetDependency */,
			);
			name = ViewModelUnitTest;
			productName = ViewModelUnitTest;
			productReference = 1B87F71A285C38FD002B47B7 /* ViewModelUnitTest.xctest */;
			productType = "com.apple.product-type.bundle.unit-test";
		};
		1BD7504B2858867E0025DDC8 /* RegularExpressionCheckerUnitTest */ = {
			isa = PBXNativeTarget;
			buildConfigurationList = 1BD750542858867E0025DDC8 /* Build configuration list for PBXNativeTarget "RegularExpressionCheckerUnitTest" */;
			buildPhases = (
				1BD750482858867E0025DDC8 /* Sources */,
				1BD750492858867E0025DDC8 /* Frameworks */,
				1BD7504A2858867E0025DDC8 /* Resources */,
			);
			buildRules = (
			);
			dependencies = (
				1BD750512858867E0025DDC8 /* PBXTargetDependency */,
			);
			name = RegularExpressionCheckerUnitTest;
			productName = RegularExpressionCheckerUnitTest;
			productReference = 1BD7504C2858867E0025DDC8 /* RegularExpressionCheckerUnitTest.xctest */;
			productType = "com.apple.product-type.bundle.unit-test";
		};
		8D2113772859E5FD00B65676 /* ContainerUnitTest */ = {
			isa = PBXNativeTarget;
			buildConfigurationList = 8D2113802859E5FD00B65676 /* Build configuration list for PBXNativeTarget "ContainerUnitTest" */;
			buildPhases = (
				8D2113742859E5FD00B65676 /* Sources */,
				8D2113752859E5FD00B65676 /* Frameworks */,
				8D2113762859E5FD00B65676 /* Resources */,
			);
			buildRules = (
			);
			dependencies = (
				8D21137D2859E5FD00B65676 /* PBXTargetDependency */,
			);
			name = ContainerUnitTest;
			productName = ContainerUnitTest;
			productReference = 8D2113782859E5FD00B65676 /* ContainerUnitTest.xctest */;
			productType = "com.apple.product-type.bundle.unit-test";
		};
/* End PBXNativeTarget section */

/* Begin PBXProject section */
		1B174815285885180028E037 /* Project object */ = {
			isa = PBXProject;
			attributes = {
				BuildIndependentTargetsInParallel = 1;
				LastSwiftUpdateCheck = 1340;
				LastUpgradeCheck = 1340;
				TargetAttributes = {
					1B17481C285885180028E037 = {
						CreatedOnToolsVersion = 13.4;
					};
					1B87F719285C38FD002B47B7 = {
						CreatedOnToolsVersion = 13.4;
						TestTargetID = 1B17481C285885180028E037;
					};
					1BD7504B2858867E0025DDC8 = {
						CreatedOnToolsVersion = 13.4;
						TestTargetID = 1B17481C285885180028E037;
					};
					8D2113772859E5FD00B65676 = {
						CreatedOnToolsVersion = 13.4;
						TestTargetID = 1B17481C285885180028E037;
					};
				};
			};
			buildConfigurationList = 1B174818285885180028E037 /* Build configuration list for PBXProject "IssueTracker15" */;
			compatibilityVersion = "Xcode 13.0";
			developmentRegion = en;
			hasScannedForEncodings = 0;
			knownRegions = (
				en,
				Base,
			);
			mainGroup = 1B174814285885180028E037;
			productRefGroup = 1B17481E285885180028E037 /* Products */;
			projectDirPath = "";
			projectRoot = "";
			targets = (
				1B17481C285885180028E037 /* IssueTracker15 */,
				1BD7504B2858867E0025DDC8 /* RegularExpressionCheckerUnitTest */,
				1B87F719285C38FD002B47B7 /* ViewModelUnitTest */,
				8D2113772859E5FD00B65676 /* ContainerUnitTest */,
			);
		};
/* End PBXProject section */

/* Begin PBXResourcesBuildPhase section */
		1B17481B285885180028E037 /* Resources */ = {
			isa = PBXResourcesBuildPhase;
			buildActionMask = 2147483647;
			files = (
				1B1A81822860891A003C135A /* TestIssueList.json in Resources */,
				8D211395285AE5C100B65676 /* .swiftlint.yml in Resources */,
				1B17482A285885190028E037 /* Assets.xcassets in Resources */,
			);
			runOnlyForDeploymentPostprocessing = 0;
		};
		1B87F718285C38FD002B47B7 /* Resources */ = {
			isa = PBXResourcesBuildPhase;
			buildActionMask = 2147483647;
			files = (
			);
			runOnlyForDeploymentPostprocessing = 0;
		};
		1BD7504A2858867E0025DDC8 /* Resources */ = {
			isa = PBXResourcesBuildPhase;
			buildActionMask = 2147483647;
			files = (
			);
			runOnlyForDeploymentPostprocessing = 0;
		};
		8D2113762859E5FD00B65676 /* Resources */ = {
			isa = PBXResourcesBuildPhase;
			buildActionMask = 2147483647;
			files = (
			);
			runOnlyForDeploymentPostprocessing = 0;
		};
/* End PBXResourcesBuildPhase section */

/* Begin PBXShellScriptBuildPhase section */
		1BA1960D2858893A00A4D7B1 /* ShellScript */ = {
			isa = PBXShellScriptBuildPhase;
			buildActionMask = 2147483647;
			files = (
			);
			inputFileListPaths = (
			);
			inputPaths = (
			);
			outputFileListPaths = (
			);
			outputPaths = (
			);
			runOnlyForDeploymentPostprocessing = 0;
			shellPath = /bin/sh;
			shellScript = "${PODS_ROOT}/SwiftLint/swiftlint\n";
		};
		979FC2E6F0FB8262A3A8B74B /* [CP] Embed Pods Frameworks */ = {
			isa = PBXShellScriptBuildPhase;
			buildActionMask = 2147483647;
			files = (
			);
			inputFileListPaths = (
				"${PODS_ROOT}/Target Support Files/Pods-IssueTracker15/Pods-IssueTracker15-frameworks-${CONFIGURATION}-input-files.xcfilelist",
			);
			name = "[CP] Embed Pods Frameworks";
			outputFileListPaths = (
				"${PODS_ROOT}/Target Support Files/Pods-IssueTracker15/Pods-IssueTracker15-frameworks-${CONFIGURATION}-output-files.xcfilelist",
			);
			runOnlyForDeploymentPostprocessing = 0;
			shellPath = /bin/sh;
			shellScript = "\"${PODS_ROOT}/Target Support Files/Pods-IssueTracker15/Pods-IssueTracker15-frameworks.sh\"\n";
			showEnvVarsInLog = 0;
		};
		C066FF545E29F84CA9BD2024 /* [CP] Check Pods Manifest.lock */ = {
			isa = PBXShellScriptBuildPhase;
			buildActionMask = 2147483647;
			files = (
			);
			inputFileListPaths = (
			);
			inputPaths = (
				"${PODS_PODFILE_DIR_PATH}/Podfile.lock",
				"${PODS_ROOT}/Manifest.lock",
			);
			name = "[CP] Check Pods Manifest.lock";
			outputFileListPaths = (
			);
			outputPaths = (
				"$(DERIVED_FILE_DIR)/Pods-IssueTracker15-checkManifestLockResult.txt",
			);
			runOnlyForDeploymentPostprocessing = 0;
			shellPath = /bin/sh;
			shellScript = "diff \"${PODS_PODFILE_DIR_PATH}/Podfile.lock\" \"${PODS_ROOT}/Manifest.lock\" > /dev/null\nif [ $? != 0 ] ; then\n    # print error to STDERR\n    echo \"error: The sandbox is not in sync with the Podfile.lock. Run 'pod install' or update your CocoaPods installation.\" >&2\n    exit 1\nfi\n# This output is used by Xcode 'outputs' to avoid re-running this script phase.\necho \"SUCCESS\" > \"${SCRIPT_OUTPUT_FILE_0}\"\n";
			showEnvVarsInLog = 0;
		};
/* End PBXShellScriptBuildPhase section */

/* Begin PBXSourcesBuildPhase section */
		1B174819285885180028E037 /* Sources */ = {
			isa = PBXSourcesBuildPhase;
			buildActionMask = 2147483647;
			files = (
				1B1A818A28608DE5003C135A /* MilestoneDTO.swift in Sources */,
				1B174849285885710028E037 /* TestViewModel.swift in Sources */,
				1B1A819A2860A73C003C135A /* MainTabBarController.swift in Sources */,
				1B1A8193286090A1003C135A /* IssueListViewController.swift in Sources */,
				1B174850285885710028E037 /* UseCaseResponsible.swift in Sources */,
				1B87F707285B6C7A002B47B7 /* NetworkService.swift in Sources */,
				1B1A818828608D8A003C135A /* LabelDTO.swift in Sources */,
				1B17484A285885710028E037 /* LargeStringAdaptable.swift in Sources */,
				1B1A81A528617FB3003C135A /* IssueListFooterReusableView.swift in Sources */,
				8D66A2EE28598CA1001B514C /* UseCaseContainer.swift in Sources */,
				8D21138E285ADFA700B65676 /* OAuthLoginButton.swift in Sources */,
				1B17484D285885710028E037 /* BoldStringAdaptable.swift in Sources */,
				1B1A818C28608E3A003C135A /* PullRequestDTO.swift in Sources */,
				1B17484B285885710028E037 /* ViewTextBindable.swift in Sources */,
				8DDEBAE8285B382400A4E4DC /* OAuthLoginStackView.swift in Sources */,
				1B1A81A02860AABC003C135A /* IssueViewModel.swift in Sources */,
				8D2113BA285B1C6700B65676 /* UIView.swift in Sources */,
				1B1A81A3286160F5003C135A /* IssueListHeaderReusableView.swift in Sources */,
				8D2113B8285B0D0500B65676 /* UserInfoInputStackView.swift in Sources */,
				1B1A81952860A0F6003C135A /* IssueListCell.swift in Sources */,
				1B17484E285885710028E037 /* TestLabel.swift in Sources */,
				1B174837285885640028E037 /* IDChecker.swift in Sources */,
				8D21138C285AC4F800B65676 /* LoginViewController.swift in Sources */,
				1B1A818628608CEE003C135A /* UserDTO.swift in Sources */,
				8DDEBAEB285B57B000A4E4DC /* LoginViewModel.swift in Sources */,
				1B174853285885710028E037 /* RequestModel.swift in Sources */,
				1B87F704285B6C7A002B47B7 /* ServiceContainer.swift in Sources */,
				1B87F711285C246F002B47B7 /* UseCaseModel.swift in Sources */,
				1B1A81982860A56A003C135A /* IssueNavigationController.swift in Sources */,
				1B1A819E2860A828003C135A /* MilestoneNavigationController.swift in Sources */,
				1B87F708285B6C7A002B47B7 /* Repository.swift in Sources */,
				1B174851285885710028E037 /* TestUseCase.swift in Sources */,
				1B174825285885180028E037 /* ViewController.swift in Sources */,
				1B174821285885180028E037 /* AppDelegate.swift in Sources */,
				1B17484C285885710028E037 /* ViewBindable.swift in Sources */,
				1B174838285885640028E037 /* PasswordChecker.swift in Sources */,
				1B87F705285B6C7A002B47B7 /* PersistentService.swift in Sources */,
				1B1A818E28608E72003C135A /* IssueDTO.swift in Sources */,
				8D66A2C1285959CF001B514C /* Resolvable.swift in Sources */,
				8DFDB6E42859B906008E7E59 /* ContainerWrapper.swift in Sources */,
				1B87F70F285C221D002B47B7 /* Transferable.swift in Sources */,
				1B174852285885710028E037 /* TestDecodableType.swift in Sources */,
				1B1A819C2860A814003C135A /* LabelNavigationController.swift in Sources */,
				1B174823285885180028E037 /* SceneDelegate.swift in Sources */,
				1B17484F285885710028E037 /* TestButton.swift in Sources */,
			);
			runOnlyForDeploymentPostprocessing = 0;
		};
		1B87F716285C38FD002B47B7 /* Sources */ = {
			isa = PBXSourcesBuildPhase;
			buildActionMask = 2147483647;
			files = (
				1B87F71D285C38FD002B47B7 /* ViewModelUnitTest.swift in Sources */,
			);
			runOnlyForDeploymentPostprocessing = 0;
		};
		1BD750482858867E0025DDC8 /* Sources */ = {
			isa = PBXSourcesBuildPhase;
			buildActionMask = 2147483647;
			files = (
				1BD75056285886C70025DDC8 /* PasswordChecker.swift in Sources */,
				1BD75055285886C40025DDC8 /* IDChecker.swift in Sources */,
				1BD7504F2858867E0025DDC8 /* RegularExpressionCheckerUnitTest.swift in Sources */,
			);
			runOnlyForDeploymentPostprocessing = 0;
		};
		8D2113742859E5FD00B65676 /* Sources */ = {
			isa = PBXSourcesBuildPhase;
			buildActionMask = 2147483647;
			files = (
				8D2113882859E7B700B65676 /* MockData.swift in Sources */,
				8D2113812859E61700B65676 /* Resolvable.swift in Sources */,
				8D2113832859E61D00B65676 /* ContainerWrapper.swift in Sources */,
				8D2113862859E78E00B65676 /* UseCaseResponsible.swift in Sources */,
				8D2113852859E6BA00B65676 /* MockContainer.swift in Sources */,
				8D2113822859E61900B65676 /* UseCaseContainer.swift in Sources */,
				8D21137B2859E5FD00B65676 /* ContainerUnitTest.swift in Sources */,
			);
			runOnlyForDeploymentPostprocessing = 0;
		};
/* End PBXSourcesBuildPhase section */

/* Begin PBXTargetDependency section */
		1B87F71F285C38FD002B47B7 /* PBXTargetDependency */ = {
			isa = PBXTargetDependency;
			target = 1B17481C285885180028E037 /* IssueTracker15 */;
			targetProxy = 1B87F71E285C38FD002B47B7 /* PBXContainerItemProxy */;
		};
		1BD750512858867E0025DDC8 /* PBXTargetDependency */ = {
			isa = PBXTargetDependency;
			target = 1B17481C285885180028E037 /* IssueTracker15 */;
			targetProxy = 1BD750502858867E0025DDC8 /* PBXContainerItemProxy */;
		};
		8D21137D2859E5FD00B65676 /* PBXTargetDependency */ = {
			isa = PBXTargetDependency;
			target = 1B17481C285885180028E037 /* IssueTracker15 */;
			targetProxy = 8D21137C2859E5FD00B65676 /* PBXContainerItemProxy */;
		};
/* End PBXTargetDependency section */

/* Begin XCBuildConfiguration section */
		1B17482F285885190028E037 /* Debug */ = {
			isa = XCBuildConfiguration;
			buildSettings = {
				ALWAYS_SEARCH_USER_PATHS = NO;
				CLANG_ANALYZER_NONNULL = YES;
				CLANG_ANALYZER_NUMBER_OBJECT_CONVERSION = YES_AGGRESSIVE;
				CLANG_CXX_LANGUAGE_STANDARD = "gnu++17";
				CLANG_ENABLE_MODULES = YES;
				CLANG_ENABLE_OBJC_ARC = YES;
				CLANG_ENABLE_OBJC_WEAK = YES;
				CLANG_WARN_BLOCK_CAPTURE_AUTORELEASING = YES;
				CLANG_WARN_BOOL_CONVERSION = YES;
				CLANG_WARN_COMMA = YES;
				CLANG_WARN_CONSTANT_CONVERSION = YES;
				CLANG_WARN_DEPRECATED_OBJC_IMPLEMENTATIONS = YES;
				CLANG_WARN_DIRECT_OBJC_ISA_USAGE = YES_ERROR;
				CLANG_WARN_DOCUMENTATION_COMMENTS = YES;
				CLANG_WARN_EMPTY_BODY = YES;
				CLANG_WARN_ENUM_CONVERSION = YES;
				CLANG_WARN_INFINITE_RECURSION = YES;
				CLANG_WARN_INT_CONVERSION = YES;
				CLANG_WARN_NON_LITERAL_NULL_CONVERSION = YES;
				CLANG_WARN_OBJC_IMPLICIT_RETAIN_SELF = YES;
				CLANG_WARN_OBJC_LITERAL_CONVERSION = YES;
				CLANG_WARN_OBJC_ROOT_CLASS = YES_ERROR;
				CLANG_WARN_QUOTED_INCLUDE_IN_FRAMEWORK_HEADER = YES;
				CLANG_WARN_RANGE_LOOP_ANALYSIS = YES;
				CLANG_WARN_STRICT_PROTOTYPES = YES;
				CLANG_WARN_SUSPICIOUS_MOVE = YES;
				CLANG_WARN_UNGUARDED_AVAILABILITY = YES_AGGRESSIVE;
				CLANG_WARN_UNREACHABLE_CODE = YES;
				CLANG_WARN__DUPLICATE_METHOD_MATCH = YES;
				COPY_PHASE_STRIP = NO;
				DEBUG_INFORMATION_FORMAT = dwarf;
				ENABLE_STRICT_OBJC_MSGSEND = YES;
				ENABLE_TESTABILITY = YES;
				GCC_C_LANGUAGE_STANDARD = gnu11;
				GCC_DYNAMIC_NO_PIC = NO;
				GCC_NO_COMMON_BLOCKS = YES;
				GCC_OPTIMIZATION_LEVEL = 0;
				GCC_PREPROCESSOR_DEFINITIONS = (
					"DEBUG=1",
					"$(inherited)",
				);
				GCC_WARN_64_TO_32_BIT_CONVERSION = YES;
				GCC_WARN_ABOUT_RETURN_TYPE = YES_ERROR;
				GCC_WARN_UNDECLARED_SELECTOR = YES;
				GCC_WARN_UNINITIALIZED_AUTOS = YES_AGGRESSIVE;
				GCC_WARN_UNUSED_FUNCTION = YES;
				GCC_WARN_UNUSED_VARIABLE = YES;
				IPHONEOS_DEPLOYMENT_TARGET = 15.5;
				MTL_ENABLE_DEBUG_INFO = INCLUDE_SOURCE;
				MTL_FAST_MATH = YES;
				ONLY_ACTIVE_ARCH = YES;
				SDKROOT = iphoneos;
				SWIFT_ACTIVE_COMPILATION_CONDITIONS = DEBUG;
				SWIFT_OPTIMIZATION_LEVEL = "-Onone";
			};
			name = Debug;
		};
		1B174830285885190028E037 /* Release */ = {
			isa = XCBuildConfiguration;
			buildSettings = {
				ALWAYS_SEARCH_USER_PATHS = NO;
				CLANG_ANALYZER_NONNULL = YES;
				CLANG_ANALYZER_NUMBER_OBJECT_CONVERSION = YES_AGGRESSIVE;
				CLANG_CXX_LANGUAGE_STANDARD = "gnu++17";
				CLANG_ENABLE_MODULES = YES;
				CLANG_ENABLE_OBJC_ARC = YES;
				CLANG_ENABLE_OBJC_WEAK = YES;
				CLANG_WARN_BLOCK_CAPTURE_AUTORELEASING = YES;
				CLANG_WARN_BOOL_CONVERSION = YES;
				CLANG_WARN_COMMA = YES;
				CLANG_WARN_CONSTANT_CONVERSION = YES;
				CLANG_WARN_DEPRECATED_OBJC_IMPLEMENTATIONS = YES;
				CLANG_WARN_DIRECT_OBJC_ISA_USAGE = YES_ERROR;
				CLANG_WARN_DOCUMENTATION_COMMENTS = YES;
				CLANG_WARN_EMPTY_BODY = YES;
				CLANG_WARN_ENUM_CONVERSION = YES;
				CLANG_WARN_INFINITE_RECURSION = YES;
				CLANG_WARN_INT_CONVERSION = YES;
				CLANG_WARN_NON_LITERAL_NULL_CONVERSION = YES;
				CLANG_WARN_OBJC_IMPLICIT_RETAIN_SELF = YES;
				CLANG_WARN_OBJC_LITERAL_CONVERSION = YES;
				CLANG_WARN_OBJC_ROOT_CLASS = YES_ERROR;
				CLANG_WARN_QUOTED_INCLUDE_IN_FRAMEWORK_HEADER = YES;
				CLANG_WARN_RANGE_LOOP_ANALYSIS = YES;
				CLANG_WARN_STRICT_PROTOTYPES = YES;
				CLANG_WARN_SUSPICIOUS_MOVE = YES;
				CLANG_WARN_UNGUARDED_AVAILABILITY = YES_AGGRESSIVE;
				CLANG_WARN_UNREACHABLE_CODE = YES;
				CLANG_WARN__DUPLICATE_METHOD_MATCH = YES;
				COPY_PHASE_STRIP = NO;
				DEBUG_INFORMATION_FORMAT = "dwarf-with-dsym";
				ENABLE_NS_ASSERTIONS = NO;
				ENABLE_STRICT_OBJC_MSGSEND = YES;
				GCC_C_LANGUAGE_STANDARD = gnu11;
				GCC_NO_COMMON_BLOCKS = YES;
				GCC_WARN_64_TO_32_BIT_CONVERSION = YES;
				GCC_WARN_ABOUT_RETURN_TYPE = YES_ERROR;
				GCC_WARN_UNDECLARED_SELECTOR = YES;
				GCC_WARN_UNINITIALIZED_AUTOS = YES_AGGRESSIVE;
				GCC_WARN_UNUSED_FUNCTION = YES;
				GCC_WARN_UNUSED_VARIABLE = YES;
				IPHONEOS_DEPLOYMENT_TARGET = 15.5;
				MTL_ENABLE_DEBUG_INFO = NO;
				MTL_FAST_MATH = YES;
				SDKROOT = iphoneos;
				SWIFT_COMPILATION_MODE = wholemodule;
				SWIFT_OPTIMIZATION_LEVEL = "-O";
				VALIDATE_PRODUCT = YES;
			};
			name = Release;
		};
		1B174832285885190028E037 /* Debug */ = {
			isa = XCBuildConfiguration;
			baseConfigurationReference = 978ACBA6F4626FB73B12E9D4 /* Pods-IssueTracker15.debug.xcconfig */;
			buildSettings = {
				ASSETCATALOG_COMPILER_APPICON_NAME = AppIcon;
				ASSETCATALOG_COMPILER_GLOBAL_ACCENT_COLOR_NAME = AccentColor;
				CODE_SIGN_STYLE = Automatic;
				CURRENT_PROJECT_VERSION = 1;
				DEVELOPMENT_TEAM = B3PWYBKFUK;
				GENERATE_INFOPLIST_FILE = YES;
				INFOPLIST_FILE = IssueTracker15/Info.plist;
				INFOPLIST_KEY_UIApplicationSupportsIndirectInputEvents = YES;
				INFOPLIST_KEY_UILaunchStoryboardName = LaunchScreen;
				INFOPLIST_KEY_UISupportedInterfaceOrientations_iPad = "UIInterfaceOrientationPortrait UIInterfaceOrientationPortraitUpsideDown UIInterfaceOrientationLandscapeLeft UIInterfaceOrientationLandscapeRight";
				INFOPLIST_KEY_UISupportedInterfaceOrientations_iPhone = "UIInterfaceOrientationPortrait UIInterfaceOrientationLandscapeLeft UIInterfaceOrientationLandscapeRight";
				LD_RUNPATH_SEARCH_PATHS = (
					"$(inherited)",
					"@executable_path/Frameworks",
				);
				MARKETING_VERSION = 1.0;
				PRODUCT_BUNDLE_IDENTIFIER = ko.codesquad.IssueTracker15;
				PRODUCT_NAME = "$(TARGET_NAME)";
				SWIFT_EMIT_LOC_STRINGS = YES;
				SWIFT_VERSION = 5.0;
				TARGETED_DEVICE_FAMILY = "1,2";
			};
			name = Debug;
		};
		1B174833285885190028E037 /* Release */ = {
			isa = XCBuildConfiguration;
			baseConfigurationReference = 6E5A22FB498819D6DAD72D75 /* Pods-IssueTracker15.release.xcconfig */;
			buildSettings = {
				ASSETCATALOG_COMPILER_APPICON_NAME = AppIcon;
				ASSETCATALOG_COMPILER_GLOBAL_ACCENT_COLOR_NAME = AccentColor;
				CODE_SIGN_STYLE = Automatic;
				CURRENT_PROJECT_VERSION = 1;
				DEVELOPMENT_TEAM = B3PWYBKFUK;
				GENERATE_INFOPLIST_FILE = YES;
				INFOPLIST_FILE = IssueTracker15/Info.plist;
				INFOPLIST_KEY_UIApplicationSupportsIndirectInputEvents = YES;
				INFOPLIST_KEY_UILaunchStoryboardName = LaunchScreen;
				INFOPLIST_KEY_UISupportedInterfaceOrientations_iPad = "UIInterfaceOrientationPortrait UIInterfaceOrientationPortraitUpsideDown UIInterfaceOrientationLandscapeLeft UIInterfaceOrientationLandscapeRight";
				INFOPLIST_KEY_UISupportedInterfaceOrientations_iPhone = "UIInterfaceOrientationPortrait UIInterfaceOrientationLandscapeLeft UIInterfaceOrientationLandscapeRight";
				LD_RUNPATH_SEARCH_PATHS = (
					"$(inherited)",
					"@executable_path/Frameworks",
				);
				MARKETING_VERSION = 1.0;
				PRODUCT_BUNDLE_IDENTIFIER = ko.codesquad.IssueTracker15;
				PRODUCT_NAME = "$(TARGET_NAME)";
				SWIFT_EMIT_LOC_STRINGS = YES;
				SWIFT_VERSION = 5.0;
				TARGETED_DEVICE_FAMILY = "1,2";
			};
			name = Release;
		};
		1B87F721285C38FD002B47B7 /* Debug */ = {
			isa = XCBuildConfiguration;
			buildSettings = {
				BUNDLE_LOADER = "$(TEST_HOST)";
				CODE_SIGN_STYLE = Automatic;
				CURRENT_PROJECT_VERSION = 1;
				DEVELOPMENT_TEAM = B3PWYBKFUK;
				GENERATE_INFOPLIST_FILE = YES;
				MARKETING_VERSION = 1.0;
				PRODUCT_BUNDLE_IDENTIFIER = ko.codesquad.ViewModelUnitTest;
				PRODUCT_NAME = "$(TARGET_NAME)";
				SWIFT_EMIT_LOC_STRINGS = NO;
				SWIFT_VERSION = 5.0;
				TARGETED_DEVICE_FAMILY = "1,2";
				TEST_HOST = "$(BUILT_PRODUCTS_DIR)/IssueTracker15.app/IssueTracker15";
			};
			name = Debug;
		};
		1B87F722285C38FD002B47B7 /* Release */ = {
			isa = XCBuildConfiguration;
			buildSettings = {
				BUNDLE_LOADER = "$(TEST_HOST)";
				CODE_SIGN_STYLE = Automatic;
				CURRENT_PROJECT_VERSION = 1;
				DEVELOPMENT_TEAM = B3PWYBKFUK;
				GENERATE_INFOPLIST_FILE = YES;
				MARKETING_VERSION = 1.0;
				PRODUCT_BUNDLE_IDENTIFIER = ko.codesquad.ViewModelUnitTest;
				PRODUCT_NAME = "$(TARGET_NAME)";
				SWIFT_EMIT_LOC_STRINGS = NO;
				SWIFT_VERSION = 5.0;
				TARGETED_DEVICE_FAMILY = "1,2";
				TEST_HOST = "$(BUILT_PRODUCTS_DIR)/IssueTracker15.app/IssueTracker15";
			};
			name = Release;
		};
		1BD750522858867E0025DDC8 /* Debug */ = {
			isa = XCBuildConfiguration;
			buildSettings = {
				BUNDLE_LOADER = "$(TEST_HOST)";
				CODE_SIGN_STYLE = Automatic;
				CURRENT_PROJECT_VERSION = 1;
				DEVELOPMENT_TEAM = B3PWYBKFUK;
				GENERATE_INFOPLIST_FILE = YES;
				MARKETING_VERSION = 1.0;
				PRODUCT_BUNDLE_IDENTIFIER = ko.codesquad.RegularExpressionCheckerUnitTest;
				PRODUCT_NAME = "$(TARGET_NAME)";
				SWIFT_EMIT_LOC_STRINGS = NO;
				SWIFT_VERSION = 5.0;
				TARGETED_DEVICE_FAMILY = "1,2";
				TEST_HOST = "$(BUILT_PRODUCTS_DIR)/IssueTracker15.app/IssueTracker15";
			};
			name = Debug;
		};
		1BD750532858867E0025DDC8 /* Release */ = {
			isa = XCBuildConfiguration;
			buildSettings = {
				BUNDLE_LOADER = "$(TEST_HOST)";
				CODE_SIGN_STYLE = Automatic;
				CURRENT_PROJECT_VERSION = 1;
				DEVELOPMENT_TEAM = B3PWYBKFUK;
				GENERATE_INFOPLIST_FILE = YES;
				MARKETING_VERSION = 1.0;
				PRODUCT_BUNDLE_IDENTIFIER = ko.codesquad.RegularExpressionCheckerUnitTest;
				PRODUCT_NAME = "$(TARGET_NAME)";
				SWIFT_EMIT_LOC_STRINGS = NO;
				SWIFT_VERSION = 5.0;
				TARGETED_DEVICE_FAMILY = "1,2";
				TEST_HOST = "$(BUILT_PRODUCTS_DIR)/IssueTracker15.app/IssueTracker15";
			};
			name = Release;
		};
		8D21137E2859E5FD00B65676 /* Debug */ = {
			isa = XCBuildConfiguration;
			buildSettings = {
				BUNDLE_LOADER = "$(TEST_HOST)";
				CODE_SIGN_STYLE = Automatic;
				CURRENT_PROJECT_VERSION = 1;
				DEVELOPMENT_TEAM = B3PWYBKFUK;
				GENERATE_INFOPLIST_FILE = YES;
				MARKETING_VERSION = 1.0;
				PRODUCT_BUNDLE_IDENTIFIER = ko.codesquad.ContainerUnitTest;
				PRODUCT_NAME = "$(TARGET_NAME)";
				SWIFT_EMIT_LOC_STRINGS = NO;
				SWIFT_VERSION = 5.0;
				TARGETED_DEVICE_FAMILY = "1,2";
				TEST_HOST = "$(BUILT_PRODUCTS_DIR)/IssueTracker15.app/IssueTracker15";
			};
			name = Debug;
		};
		8D21137F2859E5FD00B65676 /* Release */ = {
			isa = XCBuildConfiguration;
			buildSettings = {
				BUNDLE_LOADER = "$(TEST_HOST)";
				CODE_SIGN_STYLE = Automatic;
				CURRENT_PROJECT_VERSION = 1;
				DEVELOPMENT_TEAM = B3PWYBKFUK;
				GENERATE_INFOPLIST_FILE = YES;
				MARKETING_VERSION = 1.0;
				PRODUCT_BUNDLE_IDENTIFIER = ko.codesquad.ContainerUnitTest;
				PRODUCT_NAME = "$(TARGET_NAME)";
				SWIFT_EMIT_LOC_STRINGS = NO;
				SWIFT_VERSION = 5.0;
				TARGETED_DEVICE_FAMILY = "1,2";
				TEST_HOST = "$(BUILT_PRODUCTS_DIR)/IssueTracker15.app/IssueTracker15";
			};
			name = Release;
		};
/* End XCBuildConfiguration section */

/* Begin XCConfigurationList section */
		1B174818285885180028E037 /* Build configuration list for PBXProject "IssueTracker15" */ = {
			isa = XCConfigurationList;
			buildConfigurations = (
				1B17482F285885190028E037 /* Debug */,
				1B174830285885190028E037 /* Release */,
			);
			defaultConfigurationIsVisible = 0;
			defaultConfigurationName = Release;
		};
		1B174831285885190028E037 /* Build configuration list for PBXNativeTarget "IssueTracker15" */ = {
			isa = XCConfigurationList;
			buildConfigurations = (
				1B174832285885190028E037 /* Debug */,
				1B174833285885190028E037 /* Release */,
			);
			defaultConfigurationIsVisible = 0;
			defaultConfigurationName = Release;
		};
		1B87F720285C38FD002B47B7 /* Build configuration list for PBXNativeTarget "ViewModelUnitTest" */ = {
			isa = XCConfigurationList;
			buildConfigurations = (
				1B87F721285C38FD002B47B7 /* Debug */,
				1B87F722285C38FD002B47B7 /* Release */,
			);
			defaultConfigurationIsVisible = 0;
			defaultConfigurationName = Release;
		};
		1BD750542858867E0025DDC8 /* Build configuration list for PBXNativeTarget "RegularExpressionCheckerUnitTest" */ = {
			isa = XCConfigurationList;
			buildConfigurations = (
				1BD750522858867E0025DDC8 /* Debug */,
				1BD750532858867E0025DDC8 /* Release */,
			);
			defaultConfigurationIsVisible = 0;
			defaultConfigurationName = Release;
		};
		8D2113802859E5FD00B65676 /* Build configuration list for PBXNativeTarget "ContainerUnitTest" */ = {
			isa = XCConfigurationList;
			buildConfigurations = (
				8D21137E2859E5FD00B65676 /* Debug */,
				8D21137F2859E5FD00B65676 /* Release */,
			);
			defaultConfigurationIsVisible = 0;
			defaultConfigurationName = Release;
		};
/* End XCConfigurationList section */
	};
	rootObject = 1B174815285885180028E037 /* Project object */;
}
